
Microsoft Visual Studio Solution File, Format Version 12.00
# Visual Studio Version 16
VisualStudioVersion = 16.0.31624.102
MinimumVisualStudioVersion = 10.0.40219.1
Project("{FAE04EC0-301F-11D3-BF4B-00C04F79EFBC}") = "IntroWebAPI", "IntroWebAPI\IntroWebAPI.csproj", "{65F9F2DA-2400-40AA-89EE-D14F83237D81}"
EndProject
Global
	GlobalSection(SolutionConfigurationPlatforms) = preSolution
		Debug|Any CPU = Debug|Any CPU
		Release|Any CPU = Release|Any CPU
	EndGlobalSection
	GlobalSection(ProjectConfigurationPlatforms) = postSolution
		{65F9F2DA-2400-40AA-89EE-D14F83237D81}.Debug|Any CPU.ActiveCfg = Debug|Any CPU
		{65F9F2DA-2400-40AA-89EE-D14F83237D81}.Debug|Any CPU.Build.0 = Debug|Any CPU
		{65F9F2DA-2400-40AA-89EE-D14F83237D81}.Release|Any CPU.ActiveCfg = Release|Any CPU
		{65F9F2DA-2400-40AA-89EE-D14F83237D81}.Release|Any CPU.Build.0 = Release|Any CPU
	EndGlobalSection
	GlobalSection(SolutionProperties) = preSolution
		HideSolutionNode = FALSE
	EndGlobalSection
	GlobalSection(ExtensibilityGlobals) = postSolution
		SolutionGuid = {AF724836-8007-4F41-A406-5936ADA817FD}
	EndGlobalSection
EndGlobal
