
Microsoft Visual Studio Solution File, Format Version 12.00
# Visual Studio Version 16
VisualStudioVersion = 16.0.31624.102
MinimumVisualStudioVersion = 10.0.40219.1
Project("{FAE04EC0-301F-11D3-BF4B-00C04F79EFBC}") = "Lecture_2", "Lecture_2\Lecture_2.csproj", "{21AE6BBC-E92E-4786-B964-EF39D17C3F84}"
EndProject
Global
	GlobalSection(SolutionConfigurationPlatforms) = preSolution
		Debug|Any CPU = Debug|Any CPU
		Release|Any CPU = Release|Any CPU
	EndGlobalSection
	GlobalSection(ProjectConfigurationPlatforms) = postSolution
		{21AE6BBC-E92E-4786-B964-EF39D17C3F84}.Debug|Any CPU.ActiveCfg = Debug|Any CPU
		{21AE6BBC-E92E-4786-B964-EF39D17C3F84}.Debug|Any CPU.Build.0 = Debug|Any CPU
		{21AE6BBC-E92E-4786-B964-EF39D17C3F84}.Release|Any CPU.ActiveCfg = Release|Any CPU
		{21AE6BBC-E92E-4786-B964-EF39D17C3F84}.Release|Any CPU.Build.0 = Release|Any CPU
	EndGlobalSection
	GlobalSection(SolutionProperties) = preSolution
		HideSolutionNode = FALSE
	EndGlobalSection
	GlobalSection(ExtensibilityGlobals) = postSolution
		SolutionGuid = {E5368446-6F37-4ADF-9911-84BB03C2BBEC}
	EndGlobalSection
EndGlobal
